// !$*UTF8*$!
{
	archiveVersion = 1;
	classes = {
	};
	objectVersion = 50;
	objects = {

/* Begin PBXBuildFile section */
		4496E63D22B1F22E0047738E /* DetailsViewController.swift in Sources */ = {isa = PBXBuildFile; fileRef = 4496E63C22B1F22E0047738E /* DetailsViewController.swift */; };
		4498B3A122ADF4D300A07CAF /* AppDelegate.swift in Sources */ = {isa = PBXBuildFile; fileRef = 4498B3A022ADF4D300A07CAF /* AppDelegate.swift */; };
		4498B3A322ADF4D300A07CAF /* ViewController.swift in Sources */ = {isa = PBXBuildFile; fileRef = 4498B3A222ADF4D300A07CAF /* ViewController.swift */; };
		4498B3A622ADF4D300A07CAF /* Main.storyboard in Resources */ = {isa = PBXBuildFile; fileRef = 4498B3A422ADF4D300A07CAF /* Main.storyboard */; };
		4498B3A822ADF4D600A07CAF /* Assets.xcassets in Resources */ = {isa = PBXBuildFile; fileRef = 4498B3A722ADF4D600A07CAF /* Assets.xcassets */; };
		4498B3AB22ADF4D600A07CAF /* LaunchScreen.storyboard in Resources */ = {isa = PBXBuildFile; fileRef = 4498B3A922ADF4D600A07CAF /* LaunchScreen.storyboard */; };
		4498B3B422ADF57200A07CAF /* ChannelsTableViewCell.swift in Sources */ = {isa = PBXBuildFile; fileRef = 4498B3B222ADF57200A07CAF /* ChannelsTableViewCell.swift */; };
		4498B3B522ADF57200A07CAF /* ChannelsTableViewCell.xib in Resources */ = {isa = PBXBuildFile; fileRef = 4498B3B322ADF57200A07CAF /* ChannelsTableViewCell.xib */; };
		4498B3B722ADF98600A07CAF /* Constants.swift in Sources */ = {isa = PBXBuildFile; fileRef = 4498B3B622ADF98600A07CAF /* Constants.swift */; };
		4498B3B922ADF99700A07CAF /* Utility.swift in Sources */ = {isa = PBXBuildFile; fileRef = 4498B3B822ADF99700A07CAF /* Utility.swift */; };
		4498B3BB22ADFDB900A07CAF /* ChannelsModel.swift in Sources */ = {isa = PBXBuildFile; fileRef = 4498B3BA22ADFDB900A07CAF /* ChannelsModel.swift */; };
		B7DCAC6A4700DE3927C7BE93 /* Pods_ChannelsAssignment.framework in Frameworks */ = {isa = PBXBuildFile; fileRef = D55BCD4994AF2851B079E9CC /* Pods_ChannelsAssignment.framework */; };
/* End PBXBuildFile section */

/* Begin PBXFileReference section */
		4496E63C22B1F22E0047738E /* DetailsViewController.swift */ = {isa = PBXFileReference; lastKnownFileType = sourcecode.swift; path = DetailsViewController.swift; sourceTree = "<group>"; };
		4498B39D22ADF4D300A07CAF /* ChannelsAssignment.app */ = {isa = PBXFileReference; explicitFileType = wrapper.application; includeInIndex = 0; path = ChannelsAssignment.app; sourceTree = BUILT_PRODUCTS_DIR; };
		4498B3A022ADF4D300A07CAF /* AppDelegate.swift */ = {isa = PBXFileReference; lastKnownFileType = sourcecode.swift; path = AppDelegate.swift; sourceTree = "<group>"; };
		4498B3A222ADF4D300A07CAF /* ViewController.swift */ = {isa = PBXFileReference; lastKnownFileType = sourcecode.swift; path = ViewController.swift; sourceTree = "<group>"; };
		4498B3A522ADF4D300A07CAF /* Base */ = {isa = PBXFileReference; lastKnownFileType = file.storyboard; name = Base; path = Base.lproj/Main.storyboard; sourceTree = "<group>"; };
		4498B3A722ADF4D600A07CAF /* Assets.xcassets */ = {isa = PBXFileReference; lastKnownFileType = folder.assetcatalog; path = Assets.xcassets; sourceTree = "<group>"; };
		4498B3AA22ADF4D600A07CAF /* Base */ = {isa = PBXFileReference; lastKnownFileType = file.storyboard; name = Base; path = Base.lproj/LaunchScreen.storyboard; sourceTree = "<group>"; };
		4498B3AC22ADF4D600A07CAF /* Info.plist */ = {isa = PBXFileReference; lastKnownFileType = text.plist.xml; path = Info.plist; sourceTree = "<group>"; };
		4498B3B222ADF57200A07CAF /* ChannelsTableViewCell.swift */ = {isa = PBXFileReference; lastKnownFileType = sourcecode.swift; path = ChannelsTableViewCell.swift; sourceTree = "<group>"; };
		4498B3B322ADF57200A07CAF /* ChannelsTableViewCell.xib */ = {isa = PBXFileReference; lastKnownFileType = file.xib; path = ChannelsTableViewCell.xib; sourceTree = "<group>"; };
		4498B3B622ADF98600A07CAF /* Constants.swift */ = {isa = PBXFileReference; fileEncoding = 4; lastKnownFileType = sourcecode.swift; path = Constants.swift; sourceTree = "<group>"; };
		4498B3B822ADF99700A07CAF /* Utility.swift */ = {isa = PBXFileReference; fileEncoding = 4; lastKnownFileType = sourcecode.swift; path = Utility.swift; sourceTree = "<group>"; };
		4498B3BA22ADFDB900A07CAF /* ChannelsModel.swift */ = {isa = PBXFileReference; lastKnownFileType = sourcecode.swift; path = ChannelsModel.swift; sourceTree = "<group>"; };
		45DF03E0B5C98208D18E13F3 /* Pods-ChannelsAssignment.release.xcconfig */ = {isa = PBXFileReference; includeInIndex = 1; lastKnownFileType = text.xcconfig; name = "Pods-ChannelsAssignment.release.xcconfig"; path = "Target Support Files/Pods-ChannelsAssignment/Pods-ChannelsAssignment.release.xcconfig"; sourceTree = "<group>"; };
		481325DC1B1C73645B44FF9F /* Pods-ChannelsAssignment.debug.xcconfig */ = {isa = PBXFileReference; includeInIndex = 1; lastKnownFileType = text.xcconfig; name = "Pods-ChannelsAssignment.debug.xcconfig"; path = "Target Support Files/Pods-ChannelsAssignment/Pods-ChannelsAssignment.debug.xcconfig"; sourceTree = "<group>"; };
		D55BCD4994AF2851B079E9CC /* Pods_ChannelsAssignment.framework */ = {isa = PBXFileReference; explicitFileType = wrapper.framework; includeInIndex = 0; path = Pods_ChannelsAssignment.framework; sourceTree = BUILT_PRODUCTS_DIR; };
/* End PBXFileReference section */

/* Begin PBXFrameworksBuildPhase section */
		4498B39A22ADF4D300A07CAF /* Frameworks */ = {
			isa = PBXFrameworksBuildPhase;
			buildActionMask = 2147483647;
			files = (
				B7DCAC6A4700DE3927C7BE93 /* Pods_ChannelsAssignment.framework in Frameworks */,
			);
			runOnlyForDeploymentPostprocessing = 0;
		};
/* End PBXFrameworksBuildPhase section */

/* Begin PBXGroup section */
		4498B39422ADF4D300A07CAF = {
			isa = PBXGroup;
			children = (
				4498B39F22ADF4D300A07CAF /* ChannelsAssignment */,
				4498B39E22ADF4D300A07CAF /* Products */,
				E5B7F3E527D56AB395DBAC86 /* Pods */,
				5759093239A2899D96BFD497 /* Frameworks */,
			);
			sourceTree = "<group>";
		};
		4498B39E22ADF4D300A07CAF /* Products */ = {
			isa = PBXGroup;
			children = (
				4498B39D22ADF4D300A07CAF /* ChannelsAssignment.app */,
			);
			name = Products;
			sourceTree = "<group>";
		};
		4498B39F22ADF4D300A07CAF /* ChannelsAssignment */ = {
			isa = PBXGroup;
			children = (
				4498B3A022ADF4D300A07CAF /* AppDelegate.swift */,
				4498B3A222ADF4D300A07CAF /* ViewController.swift */,
				4498B3A422ADF4D300A07CAF /* Main.storyboard */,
				4498B3A722ADF4D600A07CAF /* Assets.xcassets */,
				4498B3A922ADF4D600A07CAF /* LaunchScreen.storyboard */,
				4498B3AC22ADF4D600A07CAF /* Info.plist */,
				4498B3B222ADF57200A07CAF /* ChannelsTableViewCell.swift */,
				4498B3B322ADF57200A07CAF /* ChannelsTableViewCell.xib */,
				4498B3B622ADF98600A07CAF /* Constants.swift */,
				4498B3B822ADF99700A07CAF /* Utility.swift */,
				4498B3BA22ADFDB900A07CAF /* ChannelsModel.swift */,
				4496E63C22B1F22E0047738E /* DetailsViewController.swift */,
			);
			path = ChannelsAssignment;
			sourceTree = "<group>";
		};
		5759093239A2899D96BFD497 /* Frameworks */ = {
			isa = PBXGroup;
			children = (
				D55BCD4994AF2851B079E9CC /* Pods_ChannelsAssignment.framework */,
			);
			name = Frameworks;
			sourceTree = "<group>";
		};
		E5B7F3E527D56AB395DBAC86 /* Pods */ = {
			isa = PBXGroup;
			children = (
				481325DC1B1C73645B44FF9F /* Pods-ChannelsAssignment.debug.xcconfig */,
				45DF03E0B5C98208D18E13F3 /* Pods-ChannelsAssignment.release.xcconfig */,
			);
			path = Pods;
			sourceTree = "<group>";
		};
/* End PBXGroup section */

/* Begin PBXNativeTarget section */
		4498B39C22ADF4D300A07CAF /* ChannelsAssignment */ = {
			isa = PBXNativeTarget;
			buildConfigurationList = 4498B3AF22ADF4D600A07CAF /* Build configuration list for PBXNativeTarget "ChannelsAssignment" */;
			buildPhases = (
				01F628B940ABE145961BB635 /* [CP] Check Pods Manifest.lock */,
				4498B39922ADF4D300A07CAF /* Sources */,
				4498B39A22ADF4D300A07CAF /* Frameworks */,
				4498B39B22ADF4D300A07CAF /* Resources */,
				48D4D103A4233AB5232648AD /* [CP] Embed Pods Frameworks */,
			);
			buildRules = (
			);
			dependencies = (
			);
			name = ChannelsAssignment;
			productName = ChannelsAssignment;
			productReference = 4498B39D22ADF4D300A07CAF /* ChannelsAssignment.app */;
			productType = "com.apple.product-type.application";
		};
/* End PBXNativeTarget section */

/* Begin PBXProject section */
		4498B39522ADF4D300A07CAF /* Project object */ = {
			isa = PBXProject;
			attributes = {
				LastSwiftUpdateCheck = 1020;
				LastUpgradeCheck = 1020;
				ORGANIZATIONNAME = Suraj;
				TargetAttributes = {
					4498B39C22ADF4D300A07CAF = {
						CreatedOnToolsVersion = 10.2.1;
					};
				};
			};
			buildConfigurationList = 4498B39822ADF4D300A07CAF /* Build configuration list for PBXProject "ChannelsAssignment" */;
			compatibilityVersion = "Xcode 9.3";
			developmentRegion = en;
			hasScannedForEncodings = 0;
			knownRegions = (
				en,
				Base,
			);
			mainGroup = 4498B39422ADF4D300A07CAF;
			productRefGroup = 4498B39E22ADF4D300A07CAF /* Products */;
			projectDirPath = "";
			projectRoot = "";
			targets = (
				4498B39C22ADF4D300A07CAF /* ChannelsAssignment */,
			);
		};
/* End PBXProject section */

/* Begin PBXResourcesBuildPhase section */
		4498B39B22ADF4D300A07CAF /* Resources */ = {
			isa = PBXResourcesBuildPhase;
			buildActionMask = 2147483647;
			files = (
				4498B3AB22ADF4D600A07CAF /* LaunchScreen.storyboard in Resources */,
				4498B3B522ADF57200A07CAF /* ChannelsTableViewCell.xib in Resources */,
				4498B3A822ADF4D600A07CAF /* Assets.xcassets in Resources */,
				4498B3A622ADF4D300A07CAF /* Main.storyboard in Resources */,
			);
			runOnlyForDeploymentPostprocessing = 0;
		};
/* End PBXResourcesBuildPhase section */

/* Begin PBXShellScriptBuildPhase section */
		01F628B940ABE145961BB635 /* [CP] Check Pods Manifest.lock */ = {
			isa = PBXShellScriptBuildPhase;
			buildActionMask = 2147483647;
			files = (
			);
			inputFileListPaths = (
			);
			inputPaths = (
				"${PODS_PODFILE_DIR_PATH}/Podfile.lock",
				"${PODS_ROOT}/Manifest.lock",
			);
			name = "[CP] Check Pods Manifest.lock";
			outputFileListPaths = (
			);
			outputPaths = (
				"$(DERIVED_FILE_DIR)/Pods-ChannelsAssignment-checkManifestLockResult.txt",
			);
			runOnlyForDeploymentPostprocessing = 0;
			shellPath = /bin/sh;
			shellScript = "diff \"${PODS_PODFILE_DIR_PATH}/Podfile.lock\" \"${PODS_ROOT}/Manifest.lock\" > /dev/null\nif [ $? != 0 ] ; then\n    # print error to STDERR\n    echo \"error: The sandbox is not in sync with the Podfile.lock. Run 'pod install' or update your CocoaPods installation.\" >&2\n    exit 1\nfi\n# This output is used by Xcode 'outputs' to avoid re-running this script phase.\necho \"SUCCESS\" > \"${SCRIPT_OUTPUT_FILE_0}\"\n";
			showEnvVarsInLog = 0;
		};
		48D4D103A4233AB5232648AD /* [CP] Embed Pods Frameworks */ = {
			isa = PBXShellScriptBuildPhase;
			buildActionMask = 2147483647;
			files = (
			);
			inputFileListPaths = (
			);
			inputPaths = (
				"${PODS_ROOT}/Target Support Files/Pods-ChannelsAssignment/Pods-ChannelsAssignment-frameworks.sh",
				"${BUILT_PRODUCTS_DIR}/Alamofire/Alamofire.framework",
				"${BUILT_PRODUCTS_DIR}/AlamofireImage/AlamofireImage.framework",
			);
			name = "[CP] Embed Pods Frameworks";
			outputFileListPaths = (
			);
			outputPaths = (
				"${TARGET_BUILD_DIR}/${FRAMEWORKS_FOLDER_PATH}/Alamofire.framework",
				"${TARGET_BUILD_DIR}/${FRAMEWORKS_FOLDER_PATH}/AlamofireImage.framework",
			);
			runOnlyForDeploymentPostprocessing = 0;
			shellPath = /bin/sh;
			shellScript = "\"${PODS_ROOT}/Target Support Files/Pods-ChannelsAssignment/Pods-ChannelsAssignment-frameworks.sh\"\n";
			showEnvVarsInLog = 0;
		};
/* End PBXShellScriptBuildPhase section */

/* Begin PBXSourcesBuildPhase section */
		4498B39922ADF4D300A07CAF /* Sources */ = {
			isa = PBXSourcesBuildPhase;
			buildActionMask = 2147483647;
			files = (
				4498B3B922ADF99700A07CAF /* Utility.swift in Sources */,
				4498B3B422ADF57200A07CAF /* ChannelsTableViewCell.swift in Sources */,
				4498B3A322ADF4D300A07CAF /* ViewController.swift in Sources */,
				4498B3BB22ADFDB900A07CAF /* ChannelsModel.swift in Sources */,
				4496E63D22B1F22E0047738E /* DetailsViewController.swift in Sources */,
				4498B3A122ADF4D300A07CAF /* AppDelegate.swift in Sources */,
				4498B3B722ADF98600A07CAF /* Constants.swift in Sources */,
			);
			runOnlyForDeploymentPostprocessing = 0;
		};
/* End PBXSourcesBuildPhase section */

/* Begin PBXVariantGroup section */
		4498B3A422ADF4D300A07CAF /* Main.storyboard */ = {
			isa = PBXVariantGroup;
			children = (
				4498B3A522ADF4D300A07CAF /* Base */,
			);
			name = Main.storyboard;
			sourceTree = "<group>";
		};
		4498B3A922ADF4D600A07CAF /* LaunchScreen.storyboard */ = {
			isa = PBXVariantGroup;
			children = (
				4498B3AA22ADF4D600A07CAF /* Base */,
			);
			name = LaunchScreen.storyboard;
			sourceTree = "<group>";
		};
/* End PBXVariantGroup section */

/* Begin XCBuildConfiguration section */
		4498B3AD22ADF4D600A07CAF /* Debug */ = {
			isa = XCBuildConfiguration;
			buildSettings = {
				ALWAYS_SEARCH_USER_PATHS = NO;
				CLANG_ANALYZER_NONNULL = YES;
				CLANG_ANALYZER_NUMBER_OBJECT_CONVERSION = YES_AGGRESSIVE;
				CLANG_CXX_LANGUAGE_STANDARD = "gnu++14";
				CLANG_CXX_LIBRARY = "libc++";
				CLANG_ENABLE_MODULES = YES;
				CLANG_ENABLE_OBJC_ARC = YES;
				CLANG_ENABLE_OBJC_WEAK = YES;
				CLANG_WARN_BLOCK_CAPTURE_AUTORELEASING = YES;
				CLANG_WARN_BOOL_CONVERSION = YES;
				CLANG_WARN_COMMA = YES;
				CLANG_WARN_CONSTANT_CONVERSION = YES;
				CLANG_WARN_DEPRECATED_OBJC_IMPLEMENTATIONS = YES;
				CLANG_WARN_DIRECT_OBJC_ISA_USAGE = YES_ERROR;
				CLANG_WARN_DOCUMENTATION_COMMENTS = YES;
				CLANG_WARN_EMPTY_BODY = YES;
				CLANG_WARN_ENUM_CONVERSION = YES;
				CLANG_WARN_INFINITE_RECURSION = YES;
				CLANG_WARN_INT_CONVERSION = YES;
				CLANG_WARN_NON_LITERAL_NULL_CONVERSION = YES;
				CLANG_WARN_OBJC_IMPLICIT_RETAIN_SELF = YES;
				CLANG_WARN_OBJC_LITERAL_CONVERSION = YES;
				CLANG_WARN_OBJC_ROOT_CLASS = YES_ERROR;
				CLANG_WARN_RANGE_LOOP_ANALYSIS = YES;
				CLANG_WARN_STRICT_PROTOTYPES = YES;
				CLANG_WARN_SUSPICIOUS_MOVE = YES;
				CLANG_WARN_UNGUARDED_AVAILABILITY = YES_AGGRESSIVE;
				CLANG_WARN_UNREACHABLE_CODE = YES;
				CLANG_WARN__DUPLICATE_METHOD_MATCH = YES;
				CODE_SIGN_IDENTITY = "iPhone Developer";
				COPY_PHASE_STRIP = NO;
				DEBUG_INFORMATION_FORMAT = dwarf;
				ENABLE_STRICT_OBJC_MSGSEND = YES;
				ENABLE_TESTABILITY = YES;
				GCC_C_LANGUAGE_STANDARD = gnu11;
				GCC_DYNAMIC_NO_PIC = NO;
				GCC_NO_COMMON_BLOCKS = YES;
				GCC_OPTIMIZATION_LEVEL = 0;
				GCC_PREPROCESSOR_DEFINITIONS = (
					"DEBUG=1",
					"$(inherited)",
				);
				GCC_WARN_64_TO_32_BIT_CONVERSION = YES;
				GCC_WARN_ABOUT_RETURN_TYPE = YES_ERROR;
				GCC_WARN_UNDECLARED_SELECTOR = YES;
				GCC_WARN_UNINITIALIZED_AUTOS = YES_AGGRESSIVE;
				GCC_WARN_UNUSED_FUNCTION = YES;
				GCC_WARN_UNUSED_VARIABLE = YES;
				IPHONEOS_DEPLOYMENT_TARGET = 12.2;
				MTL_ENABLE_DEBUG_INFO = INCLUDE_SOURCE;
				MTL_FAST_MATH = YES;
				ONLY_ACTIVE_ARCH = YES;
				SDKROOT = iphoneos;
				SWIFT_ACTIVE_COMPILATION_CONDITIONS = DEBUG;
				SWIFT_OPTIMIZATION_LEVEL = "-Onone";
			};
			name = Debug;
		};
		4498B3AE22ADF4D600A07CAF /* Release */ = {
			isa = XCBuildConfiguration;
			buildSettings = {
				ALWAYS_SEARCH_USER_PATHS = NO;
				CLANG_ANALYZER_NONNULL = YES;
				CLANG_ANALYZER_NUMBER_OBJECT_CONVERSION = YES_AGGRESSIVE;
				CLANG_CXX_LANGUAGE_STANDARD = "gnu++14";
				CLANG_CXX_LIBRARY = "libc++";
				CLANG_ENABLE_MODULES = YES;
				CLANG_ENABLE_OBJC_ARC = YES;
				CLANG_ENABLE_OBJC_WEAK = YES;
				CLANG_WARN_BLOCK_CAPTURE_AUTORELEASING = YES;
				CLANG_WARN_BOOL_CONVERSION = YES;
				CLANG_WARN_COMMA = YES;
				CLANG_WARN_CONSTANT_CONVERSION = YES;
				CLANG_WARN_DEPRECATED_OBJC_IMPLEMENTATIONS = YES;
				CLANG_WARN_DIRECT_OBJC_ISA_USAGE = YES_ERROR;
				CLANG_WARN_DOCUMENTATION_COMMENTS = YES;
				CLANG_WARN_EMPTY_BODY = YES;
				CLANG_WARN_ENUM_CONVERSION = YES;
				CLANG_WARN_INFINITE_RECURSION = YES;
				CLANG_WARN_INT_CONVERSION = YES;
				CLANG_WARN_NON_LITERAL_NULL_CONVERSION = YES;
				CLANG_WARN_OBJC_IMPLICIT_RETAIN_SELF = YES;
				CLANG_WARN_OBJC_LITERAL_CONVERSION = YES;
				CLANG_WARN_OBJC_ROOT_CLASS = YES_ERROR;
				CLANG_WARN_RANGE_LOOP_ANALYSIS = YES;
				CLANG_WARN_STRICT_PROTOTYPES = YES;
				CLANG_WARN_SUSPICIOUS_MOVE = YES;
				CLANG_WARN_UNGUARDED_AVAILABILITY = YES_AGGRESSIVE;
				CLANG_WARN_UNREACHABLE_CODE = YES;
				CLANG_WARN__DUPLICATE_METHOD_MATCH = YES;
				CODE_SIGN_IDENTITY = "iPhone Developer";
				COPY_PHASE_STRIP = NO;
				DEBUG_INFORMATION_FORMAT = "dwarf-with-dsym";
				ENABLE_NS_ASSERTIONS = NO;
				ENABLE_STRICT_OBJC_MSGSEND = YES;
				GCC_C_LANGUAGE_STANDARD = gnu11;
				GCC_NO_COMMON_BLOCKS = YES;
				GCC_WARN_64_TO_32_BIT_CONVERSION = YES;
				GCC_WARN_ABOUT_RETURN_TYPE = YES_ERROR;
				GCC_WARN_UNDECLARED_SELECTOR = YES;
				GCC_WARN_UNINITIALIZED_AUTOS = YES_AGGRESSIVE;
				GCC_WARN_UNUSED_FUNCTION = YES;
				GCC_WARN_UNUSED_VARIABLE = YES;
				IPHONEOS_DEPLOYMENT_TARGET = 12.2;
				MTL_ENABLE_DEBUG_INFO = NO;
				MTL_FAST_MATH = YES;
				SDKROOT = iphoneos;
				SWIFT_COMPILATION_MODE = wholemodule;
				SWIFT_OPTIMIZATION_LEVEL = "-O";
				VALIDATE_PRODUCT = YES;
			};
			name = Release;
		};
		4498B3B022ADF4D600A07CAF /* Debug */ = {
			isa = XCBuildConfiguration;
			baseConfigurationReference = 481325DC1B1C73645B44FF9F /* Pods-ChannelsAssignment.debug.xcconfig */;
			buildSettings = {
				ASSETCATALOG_COMPILER_APPICON_NAME = AppIcon;
				CODE_SIGN_STYLE = Automatic;
				DEVELOPMENT_TEAM = "";
				INFOPLIST_FILE = ChannelsAssignment/Info.plist;
				LD_RUNPATH_SEARCH_PATHS = (
					"$(inherited)",
					"@executable_path/Frameworks",
				);
				PRODUCT_BUNDLE_IDENTIFIER = tcs.ChannelsAssignment;
				PRODUCT_NAME = "$(TARGET_NAME)";
				SWIFT_VERSION = 5.0;
				TARGETED_DEVICE_FAMILY = "1,2";
			};
			name = Debug;
		};
		4498B3B122ADF4D600A07CAF /* Release */ = {
			isa = XCBuildConfiguration;
			baseConfigurationReference = 45DF03E0B5C98208D18E13F3 /* Pods-ChannelsAssignment.release.xcconfig */;
			buildSettings = {
				ASSETCATALOG_COMPILER_APPICON_NAME = AppIcon;
				CODE_SIGN_STYLE = Automatic;
				DEVELOPMENT_TEAM = "";
				INFOPLIST_FILE = ChannelsAssignment/Info.plist;
				LD_RUNPATH_SEARCH_PATHS = (
					"$(inherited)",
					"@executable_path/Frameworks",
				);
				PRODUCT_BUNDLE_IDENTIFIER = tcs.ChannelsAssignment;
				PRODUCT_NAME = "$(TARGET_NAME)";
				SWIFT_VERSION = 5.0;
				TARGETED_DEVICE_FAMILY = "1,2";
			};
			name = Release;
		};
/* End XCBuildConfiguration section */

/* Begin XCConfigurationList section */
		4498B39822ADF4D300A07CAF /* Build configuration list for PBXProject "ChannelsAssignment" */ = {
			isa = XCConfigurationList;
			buildConfigurations = (
				4498B3AD22ADF4D600A07CAF /* Debug */,
				4498B3AE22ADF4D600A07CAF /* Release */,
			);
			defaultConfigurationIsVisible = 0;
			defaultConfigurationName = Release;
		};
		4498B3AF22ADF4D600A07CAF /* Build configuration list for PBXNativeTarget "ChannelsAssignment" */ = {
			isa = XCConfigurationList;
			buildConfigurations = (
				4498B3B022ADF4D600A07CAF /* Debug */,
				4498B3B122ADF4D600A07CAF /* Release */,
			);
			defaultConfigurationIsVisible = 0;
			defaultConfigurationName = Release;
		};
/* End XCConfigurationList section */
	};
	rootObject = 4498B39522ADF4D300A07CAF /* Project object */;
}
